
Microsoft Visual Studio Solution File, Format Version 12.00
# Visual Studio Version 17
VisualStudioVersion = 17.7.34221.43
MinimumVisualStudioVersion = 10.0.40219.1
Project("{2150E333-8FDC-42A3-9474-1A3956D46DE8}") = "SolutionItems", "SolutionItems", "{81C39C57-6B85-4FD9-B335-17755456CB18}"
	ProjectSection(SolutionItems) = preProject
		install-u.bat = install-u.bat
		install.bat = install.bat
		readme-IZU_Daemon.txt = readme-IZU_Daemon.txt
	EndProjectSection
EndProject
Project("{9A19103F-16F7-4668-BE54-9A1E7A4F7556}") = "IZU_Daemon", "src\IZU_Daemon.csproj", "{0FFE43B4-7C65-4C16-949E-D2CCF343466D}"
EndProject
Project("{FAE04EC0-301F-11D3-BF4B-00C04F79EFBC}") = "izu-watcher-moxa", "izu-watcher-moxa\izu-watcher-moxa.csproj", "{F1B4E450-633B-47FF-8577-09A484FB8C2D}"
EndProject
Global
	GlobalSection(SolutionConfigurationPlatforms) = preSolution
		Debug|Any CPU = Debug|Any CPU
		Release|Any CPU = Release|Any CPU
	EndGlobalSection
	GlobalSection(ProjectConfigurationPlatforms) = postSolution
		{0FFE43B4-7C65-4C16-949E-D2CCF343466D}.Debug|Any CPU.ActiveCfg = Debug|Any CPU
		{0FFE43B4-7C65-4C16-949E-D2CCF343466D}.Debug|Any CPU.Build.0 = Debug|Any CPU
		{0FFE43B4-7C65-4C16-949E-D2CCF343466D}.Release|Any CPU.ActiveCfg = Release|Any CPU
		{0FFE43B4-7C65-4C16-949E-D2CCF343466D}.Release|Any CPU.Build.0 = Release|Any CPU
		{F1B4E450-633B-47FF-8577-09A484FB8C2D}.Debug|Any CPU.ActiveCfg = Debug|Any CPU
		{F1B4E450-633B-47FF-8577-09A484FB8C2D}.Debug|Any CPU.Build.0 = Debug|Any CPU
		{F1B4E450-633B-47FF-8577-09A484FB8C2D}.Release|Any CPU.ActiveCfg = Release|Any CPU
		{F1B4E450-633B-47FF-8577-09A484FB8C2D}.Release|Any CPU.Build.0 = Release|Any CPU
	EndGlobalSection
	GlobalSection(SolutionProperties) = preSolution
		HideSolutionNode = FALSE
	EndGlobalSection
	GlobalSection(ExtensibilityGlobals) = postSolution
		SolutionGuid = {2554CA3E-D21D-484F-A098-88259F8BB4FF}
	EndGlobalSection
EndGlobal
