
Microsoft Visual Studio Solution File, Format Version 12.00
# Visual Studio Version 17
VisualStudioVersion = 17.7.34221.43
MinimumVisualStudioVersion = 10.0.40219.1
Project("{2150E333-8FDC-42A3-9474-1A3956D46DE8}") = "SolutionItems", "SolutionItems", "{81C39C57-6B85-4FD9-B335-17755456CB18}"
EndProject
Project("{2150E333-8FDC-42A3-9474-1A3956D46DE8}") = "src", "src", "{A39079DA-3D89-43A4-907B-C65F67F9256D}"
EndProject
Project("{FAE04EC0-301F-11D3-BF4B-00C04F79EFBC}") = "IZUTools", "src\tools\IZUTools\IZUTools.csproj", "{05B36468-7FB0-4125-A6E0-6FBCF03A3DCB}"
EndProject
Global
	GlobalSection(SolutionConfigurationPlatforms) = preSolution
		Debug|Any CPU = Debug|Any CPU
		Release|Any CPU = Release|Any CPU
	EndGlobalSection
	GlobalSection(ProjectConfigurationPlatforms) = postSolution
		{05B36468-7FB0-4125-A6E0-6FBCF03A3DCB}.Debug|Any CPU.ActiveCfg = Debug|Any CPU
		{05B36468-7FB0-4125-A6E0-6FBCF03A3DCB}.Debug|Any CPU.Build.0 = Debug|Any CPU
		{05B36468-7FB0-4125-A6E0-6FBCF03A3DCB}.Release|Any CPU.ActiveCfg = Release|Any CPU
		{05B36468-7FB0-4125-A6E0-6FBCF03A3DCB}.Release|Any CPU.Build.0 = Release|Any CPU
	EndGlobalSection
	GlobalSection(SolutionProperties) = preSolution
		HideSolutionNode = FALSE
	EndGlobalSection
	GlobalSection(NestedProjects) = preSolution
		{05B36468-7FB0-4125-A6E0-6FBCF03A3DCB} = {A39079DA-3D89-43A4-907B-C65F67F9256D}
	EndGlobalSection
	GlobalSection(ExtensibilityGlobals) = postSolution
		SolutionGuid = {2554CA3E-D21D-484F-A098-88259F8BB4FF}
	EndGlobalSection
EndGlobal
